
Microsoft Visual Studio Solution File, Format Version 12.00
# Visual Studio Version 16
VisualStudioVersion = 16.0.29613.14
MinimumVisualStudioVersion = 10.0.40219.1
Project("{FAE04EC0-301F-11D3-BF4B-00C04F79EFBC}") = "exercice3", "exercice3.csproj", "{5626635F-A705-487E-AC1F-BB554146F4A0}"
EndProject
Global
	GlobalSection(SolutionConfigurationPlatforms) = preSolution
		Debug|Any CPU = Debug|Any CPU
		Release|Any CPU = Release|Any CPU
	EndGlobalSection
	GlobalSection(ProjectConfigurationPlatforms) = postSolution
		{5626635F-A705-487E-AC1F-BB554146F4A0}.Debug|Any CPU.ActiveCfg = Debug|Any CPU
		{5626635F-A705-487E-AC1F-BB554146F4A0}.Debug|Any CPU.Build.0 = Debug|Any CPU
		{5626635F-A705-487E-AC1F-BB554146F4A0}.Release|Any CPU.ActiveCfg = Release|Any CPU
		{5626635F-A705-487E-AC1F-BB554146F4A0}.Release|Any CPU.Build.0 = Release|Any CPU
	EndGlobalSection
	GlobalSection(SolutionProperties) = preSolution
		HideSolutionNode = FALSE
	EndGlobalSection
	GlobalSection(ExtensibilityGlobals) = postSolution
		SolutionGuid = {6C68559A-9355-4913-80C5-AA6F3D4B0E0F}
	EndGlobalSection
EndGlobal
